
Microsoft Visual Studio Solution File, Format Version 11.00
# Visual Studio 2010
Project("{FAE04EC0-301F-11D3-BF4B-00C04F79EFBC}") = "application", "application\application.csproj", "{F28CA325-E082-4FCC-85D0-95A89104CC20}"
EndProject
Global
	GlobalSection(SolutionConfigurationPlatforms) = preSolution
		Debug|Any CPU = Debug|Any CPU
		Release|Any CPU = Release|Any CPU
	EndGlobalSection
	GlobalSection(ProjectConfigurationPlatforms) = postSolution
		{F28CA325-E082-4FCC-85D0-95A89104CC20}.Debug|Any CPU.ActiveCfg = Debug|Any CPU
		{F28CA325-E082-4FCC-85D0-95A89104CC20}.Debug|Any CPU.Build.0 = Debug|Any CPU
		{F28CA325-E082-4FCC-85D0-95A89104CC20}.Release|Any CPU.ActiveCfg = Release|Any CPU
		{F28CA325-E082-4FCC-85D0-95A89104CC20}.Release|Any CPU.Build.0 = Release|Any CPU
	EndGlobalSection
	GlobalSection(SolutionProperties) = preSolution
		HideSolutionNode = FALSE
	EndGlobalSection
EndGlobal
